
Microsoft Visual Studio Solution File, Format Version 12.00
# Visual Studio Version 17
VisualStudioVersion = 17.13.35931.197 d17.13
MinimumVisualStudioVersion = 10.0.40219.1
Project("{D2ABAB84-BF74-430A-B69E-9DC6D40DDA17}") = "Health_Care_Cube", "Health_Care_Cube.dwproj", "{89F4E469-A027-8043-98AD-C8E562966195}"
EndProject
Global
	GlobalSection(SolutionConfigurationPlatforms) = preSolution
		Development|Default = Development|Default
	EndGlobalSection
	GlobalSection(ProjectConfigurationPlatforms) = postSolution
		{89F4E469-A027-8043-98AD-C8E562966195}.Development|Default.ActiveCfg = Development
		{89F4E469-A027-8043-98AD-C8E562966195}.Development|Default.Build.0 = Development
		{89F4E469-A027-8043-98AD-C8E562966195}.Development|Default.Deploy.0 = Development
	EndGlobalSection
	GlobalSection(SolutionProperties) = preSolution
		HideSolutionNode = FALSE
	EndGlobalSection
	GlobalSection(ExtensibilityGlobals) = postSolution
		SolutionGuid = {72B31524-AD13-4DA4-BD11-FFA81EA6E381}
	EndGlobalSection
EndGlobal
